
Microsoft Visual Studio Solution File, Format Version 12.00
# Visual Studio Version 17
VisualStudioVersion = 17.14.36511.14 d17.14
MinimumVisualStudioVersion = 10.0.40219.1
Project("{FAE04EC0-301F-11D3-BF4B-00C04F79EFBC}") = "CCPFINALS", "CCPFINALS\CCPFINALS.csproj", "{F352D082-1398-4510-BF16-ABF01174AD59}"
EndProject
Global
	GlobalSection(SolutionConfigurationPlatforms) = preSolution
		Debug|Any CPU = Debug|Any CPU
		Release|Any CPU = Release|Any CPU
	EndGlobalSection
	GlobalSection(ProjectConfigurationPlatforms) = postSolution
		{F352D082-1398-4510-BF16-ABF01174AD59}.Debug|Any CPU.ActiveCfg = Debug|Any CPU
		{F352D082-1398-4510-BF16-ABF01174AD59}.Debug|Any CPU.Build.0 = Debug|Any CPU
		{F352D082-1398-4510-BF16-ABF01174AD59}.Release|Any CPU.ActiveCfg = Release|Any CPU
		{F352D082-1398-4510-BF16-ABF01174AD59}.Release|Any CPU.Build.0 = Release|Any CPU
	EndGlobalSection
	GlobalSection(SolutionProperties) = preSolution
		HideSolutionNode = FALSE
	EndGlobalSection
	GlobalSection(ExtensibilityGlobals) = postSolution
		SolutionGuid = {B62A26CE-8753-4284-A4BF-B9DC5D35D3EE}
	EndGlobalSection
EndGlobal
